
Microsoft Visual Studio Solution File, Format Version 12.00
Project("{FAE04EC0-301F-11D3-BF4B-00C04F79EFBC}") = "Auctioneer.API", "src\Auctioneer.API\Auctioneer.API.csproj", "{6F070E69-B59A-4EEB-963B-B884C8468F03}"
EndProject
Project("{FAE04EC0-301F-11D3-BF4B-00C04F79EFBC}") = "Auctioneer.Application", "src\Auctioneer.Application\Auctioneer.Application.csproj", "{5FC33E9B-0B58-4525-AF50-0DAEFBD58300}"
EndProject
Project("{FAE04EC0-301F-11D3-BF4B-00C04F79EFBC}") = "Auctioneer.EmailService", "src\Auctioneer.EmailService\Auctioneer.EmailService.csproj", "{B9BC6596-F2F8-4379-A471-95900768A8A7}"
EndProject
Project("{FAE04EC0-301F-11D3-BF4B-00C04F79EFBC}") = "Auctioneer.NotificationService", "src\Auctioneer.NotificationService\Auctioneer.NotificationService.csproj", "{67B67E75-C64D-4647-BC12-09EEA0E2974C}"
EndProject
Project("{FAE04EC0-301F-11D3-BF4B-00C04F79EFBC}") = "Auctioneer.MessagingContracts", "src\Auctioneer.MessagingContracts\Auctioneer.MessagingContracts.csproj", "{E88CC30C-2E7C-47F2-8DF5-0FD56C47DA85}"
EndProject
Project("{FAE04EC0-301F-11D3-BF4B-00C04F79EFBC}") = "Auctioneer.GraphQL", "src\Auctioneer.GraphQL\Auctioneer.GraphQL.csproj", "{40FBF97E-9DB0-4017-967E-C1229A4BA002}"
EndProject
Project("{FAE04EC0-301F-11D3-BF4B-00C04F79EFBC}") = "Auctioneer.gRPC", "src\Auctioneer.gRPC\Auctioneer.gRPC.csproj", "{FDB43A8B-F6FD-42DC-914A-E9CC7D69593C}"
EndProject
Project("{FAE04EC0-301F-11D3-BF4B-00C04F79EFBC}") = "Auctioneer.API.IntegrationTests", "tests\Auctioneer.API.IntegrationTests\Auctioneer.API.IntegrationTests.csproj", "{7A5268AD-31B0-4272-8624-F5021EA448A0}"
EndProject
Project("{FAE04EC0-301F-11D3-BF4B-00C04F79EFBC}") = "Auctioneer.Application.UnitTests", "tests\Auctioneer.Application.UnitTests\Auctioneer.Application.UnitTests.csproj", "{451CFABB-8DD9-4BFE-965F-561374FB8F50}"
EndProject
Global
	GlobalSection(SolutionConfigurationPlatforms) = preSolution
		Debug|Any CPU = Debug|Any CPU
		Release|Any CPU = Release|Any CPU
	EndGlobalSection
	GlobalSection(ProjectConfigurationPlatforms) = postSolution
		{6F070E69-B59A-4EEB-963B-B884C8468F03}.Debug|Any CPU.ActiveCfg = Debug|Any CPU
		{6F070E69-B59A-4EEB-963B-B884C8468F03}.Debug|Any CPU.Build.0 = Debug|Any CPU
		{6F070E69-B59A-4EEB-963B-B884C8468F03}.Release|Any CPU.ActiveCfg = Release|Any CPU
		{6F070E69-B59A-4EEB-963B-B884C8468F03}.Release|Any CPU.Build.0 = Release|Any CPU
		{5FC33E9B-0B58-4525-AF50-0DAEFBD58300}.Debug|Any CPU.ActiveCfg = Debug|Any CPU
		{5FC33E9B-0B58-4525-AF50-0DAEFBD58300}.Debug|Any CPU.Build.0 = Debug|Any CPU
		{5FC33E9B-0B58-4525-AF50-0DAEFBD58300}.Release|Any CPU.ActiveCfg = Release|Any CPU
		{5FC33E9B-0B58-4525-AF50-0DAEFBD58300}.Release|Any CPU.Build.0 = Release|Any CPU
		{B9BC6596-F2F8-4379-A471-95900768A8A7}.Debug|Any CPU.ActiveCfg = Debug|Any CPU
		{B9BC6596-F2F8-4379-A471-95900768A8A7}.Debug|Any CPU.Build.0 = Debug|Any CPU
		{B9BC6596-F2F8-4379-A471-95900768A8A7}.Release|Any CPU.ActiveCfg = Release|Any CPU
		{B9BC6596-F2F8-4379-A471-95900768A8A7}.Release|Any CPU.Build.0 = Release|Any CPU
		{67B67E75-C64D-4647-BC12-09EEA0E2974C}.Debug|Any CPU.ActiveCfg = Debug|Any CPU
		{67B67E75-C64D-4647-BC12-09EEA0E2974C}.Debug|Any CPU.Build.0 = Debug|Any CPU
		{67B67E75-C64D-4647-BC12-09EEA0E2974C}.Release|Any CPU.ActiveCfg = Release|Any CPU
		{67B67E75-C64D-4647-BC12-09EEA0E2974C}.Release|Any CPU.Build.0 = Release|Any CPU
		{E88CC30C-2E7C-47F2-8DF5-0FD56C47DA85}.Debug|Any CPU.ActiveCfg = Debug|Any CPU
		{E88CC30C-2E7C-47F2-8DF5-0FD56C47DA85}.Debug|Any CPU.Build.0 = Debug|Any CPU
		{E88CC30C-2E7C-47F2-8DF5-0FD56C47DA85}.Release|Any CPU.ActiveCfg = Release|Any CPU
		{E88CC30C-2E7C-47F2-8DF5-0FD56C47DA85}.Release|Any CPU.Build.0 = Release|Any CPU
		{40FBF97E-9DB0-4017-967E-C1229A4BA002}.Debug|Any CPU.ActiveCfg = Debug|Any CPU
		{40FBF97E-9DB0-4017-967E-C1229A4BA002}.Debug|Any CPU.Build.0 = Debug|Any CPU
		{40FBF97E-9DB0-4017-967E-C1229A4BA002}.Release|Any CPU.ActiveCfg = Release|Any CPU
		{40FBF97E-9DB0-4017-967E-C1229A4BA002}.Release|Any CPU.Build.0 = Release|Any CPU
		{FDB43A8B-F6FD-42DC-914A-E9CC7D69593C}.Debug|Any CPU.ActiveCfg = Debug|Any CPU
		{FDB43A8B-F6FD-42DC-914A-E9CC7D69593C}.Debug|Any CPU.Build.0 = Debug|Any CPU
		{FDB43A8B-F6FD-42DC-914A-E9CC7D69593C}.Release|Any CPU.ActiveCfg = Release|Any CPU
		{FDB43A8B-F6FD-42DC-914A-E9CC7D69593C}.Release|Any CPU.Build.0 = Release|Any CPU
		{7A5268AD-31B0-4272-8624-F5021EA448A0}.Debug|Any CPU.ActiveCfg = Debug|Any CPU
		{7A5268AD-31B0-4272-8624-F5021EA448A0}.Debug|Any CPU.Build.0 = Debug|Any CPU
		{7A5268AD-31B0-4272-8624-F5021EA448A0}.Release|Any CPU.ActiveCfg = Release|Any CPU
		{7A5268AD-31B0-4272-8624-F5021EA448A0}.Release|Any CPU.Build.0 = Release|Any CPU
		{451CFABB-8DD9-4BFE-965F-561374FB8F50}.Debug|Any CPU.ActiveCfg = Debug|Any CPU
		{451CFABB-8DD9-4BFE-965F-561374FB8F50}.Debug|Any CPU.Build.0 = Debug|Any CPU
		{451CFABB-8DD9-4BFE-965F-561374FB8F50}.Release|Any CPU.ActiveCfg = Release|Any CPU
		{451CFABB-8DD9-4BFE-965F-561374FB8F50}.Release|Any CPU.Build.0 = Release|Any CPU
	EndGlobalSection
EndGlobal
