
Microsoft Visual Studio Solution File, Format Version 12.00
Project("{FAE04EC0-301F-11D3-BF4B-00C04F79EFBC}") = "Auctioneer.API.IntegrationTests", "tests\Auctioneer.API.IntegrationTests\Auctioneer.API.IntegrationTests.csproj", "{7A5268AD-31B0-4272-8624-F5021EA448A0}"
EndProject
Project("{FAE04EC0-301F-11D3-BF4B-00C04F79EFBC}") = "Auctioneer.Application.UnitTests", "tests\Auctioneer.Application.UnitTests\Auctioneer.Application.UnitTests.csproj", "{451CFABB-8DD9-4BFE-965F-561374FB8F50}"
EndProject
Project("{2150E333-8FDC-42A3-9474-1A3956D46DE8}") = "Solution Items", "Solution Items", "{1A4E6D2F-96AB-42B3-A839-72E068396B23}"
	ProjectSection(SolutionItems) = preProject
		docker-compose.yml = docker-compose.yml
	EndProjectSection
EndProject
Project("{FAE04EC0-301F-11D3-BF4B-00C04F79EFBC}") = "Auctioneer.API", "src\server\Auctioneer.API\Auctioneer.API.csproj", "{309E2631-E8C9-489C-ACEA-94DB214E7B0D}"
EndProject
Project("{FAE04EC0-301F-11D3-BF4B-00C04F79EFBC}") = "Auctioneer.Application", "src\server\Auctioneer.Application\Auctioneer.Application.csproj", "{78BCDD9B-61A5-4F59-862C-161C2E65AEB9}"
EndProject
Project("{FAE04EC0-301F-11D3-BF4B-00C04F79EFBC}") = "Auctioneer.EmailService", "src\server\Auctioneer.EmailService\Auctioneer.EmailService.csproj", "{8B7192EC-82DD-4225-B596-8E51D3693786}"
EndProject
Project("{FAE04EC0-301F-11D3-BF4B-00C04F79EFBC}") = "Auctioneer.GraphQL", "src\server\Auctioneer.GraphQL\Auctioneer.GraphQL.csproj", "{712BD7FD-C349-4B53-A680-5AD59615C5CE}"
EndProject
Project("{FAE04EC0-301F-11D3-BF4B-00C04F79EFBC}") = "Auctioneer.gRPC", "src\server\Auctioneer.gRPC\Auctioneer.gRPC.csproj", "{FD14E940-6E42-4625-8E39-7C1309CDEDC1}"
EndProject
Project("{FAE04EC0-301F-11D3-BF4B-00C04F79EFBC}") = "Auctioneer.MessagingContracts", "src\server\Auctioneer.MessagingContracts\Auctioneer.MessagingContracts.csproj", "{4CB0AE0C-A7CF-4AF3-8289-E4141668692C}"
EndProject
Project("{FAE04EC0-301F-11D3-BF4B-00C04F79EFBC}") = "Auctioneer.NotificationService", "src\server\Auctioneer.NotificationService\Auctioneer.NotificationService.csproj", "{C99EF86B-8F4C-448A-A04A-07B37A25F2BA}"
EndProject
Project("{FAE04EC0-301F-11D3-BF4B-00C04F79EFBC}") = "Auctioneer.Web.Blazor", "src\client\Auctioneer.Web.Blazor\Auctioneer.Web.Blazor.csproj", "{3F89CF40-7A85-4FC6-AAF1-059B6DF97E09}"
EndProject
Global
	GlobalSection(SolutionConfigurationPlatforms) = preSolution
		Debug|Any CPU = Debug|Any CPU
		Release|Any CPU = Release|Any CPU
	EndGlobalSection
	GlobalSection(ProjectConfigurationPlatforms) = postSolution
		{7A5268AD-31B0-4272-8624-F5021EA448A0}.Debug|Any CPU.ActiveCfg = Debug|Any CPU
		{7A5268AD-31B0-4272-8624-F5021EA448A0}.Debug|Any CPU.Build.0 = Debug|Any CPU
		{7A5268AD-31B0-4272-8624-F5021EA448A0}.Release|Any CPU.ActiveCfg = Release|Any CPU
		{7A5268AD-31B0-4272-8624-F5021EA448A0}.Release|Any CPU.Build.0 = Release|Any CPU
		{451CFABB-8DD9-4BFE-965F-561374FB8F50}.Debug|Any CPU.ActiveCfg = Debug|Any CPU
		{451CFABB-8DD9-4BFE-965F-561374FB8F50}.Debug|Any CPU.Build.0 = Debug|Any CPU
		{451CFABB-8DD9-4BFE-965F-561374FB8F50}.Release|Any CPU.ActiveCfg = Release|Any CPU
		{451CFABB-8DD9-4BFE-965F-561374FB8F50}.Release|Any CPU.Build.0 = Release|Any CPU
		{309E2631-E8C9-489C-ACEA-94DB214E7B0D}.Debug|Any CPU.ActiveCfg = Debug|Any CPU
		{309E2631-E8C9-489C-ACEA-94DB214E7B0D}.Debug|Any CPU.Build.0 = Debug|Any CPU
		{309E2631-E8C9-489C-ACEA-94DB214E7B0D}.Release|Any CPU.ActiveCfg = Release|Any CPU
		{309E2631-E8C9-489C-ACEA-94DB214E7B0D}.Release|Any CPU.Build.0 = Release|Any CPU
		{78BCDD9B-61A5-4F59-862C-161C2E65AEB9}.Debug|Any CPU.ActiveCfg = Debug|Any CPU
		{78BCDD9B-61A5-4F59-862C-161C2E65AEB9}.Debug|Any CPU.Build.0 = Debug|Any CPU
		{78BCDD9B-61A5-4F59-862C-161C2E65AEB9}.Release|Any CPU.ActiveCfg = Release|Any CPU
		{78BCDD9B-61A5-4F59-862C-161C2E65AEB9}.Release|Any CPU.Build.0 = Release|Any CPU
		{8B7192EC-82DD-4225-B596-8E51D3693786}.Debug|Any CPU.ActiveCfg = Debug|Any CPU
		{8B7192EC-82DD-4225-B596-8E51D3693786}.Debug|Any CPU.Build.0 = Debug|Any CPU
		{8B7192EC-82DD-4225-B596-8E51D3693786}.Release|Any CPU.ActiveCfg = Release|Any CPU
		{8B7192EC-82DD-4225-B596-8E51D3693786}.Release|Any CPU.Build.0 = Release|Any CPU
		{712BD7FD-C349-4B53-A680-5AD59615C5CE}.Debug|Any CPU.ActiveCfg = Debug|Any CPU
		{712BD7FD-C349-4B53-A680-5AD59615C5CE}.Debug|Any CPU.Build.0 = Debug|Any CPU
		{712BD7FD-C349-4B53-A680-5AD59615C5CE}.Release|Any CPU.ActiveCfg = Release|Any CPU
		{712BD7FD-C349-4B53-A680-5AD59615C5CE}.Release|Any CPU.Build.0 = Release|Any CPU
		{FD14E940-6E42-4625-8E39-7C1309CDEDC1}.Debug|Any CPU.ActiveCfg = Debug|Any CPU
		{FD14E940-6E42-4625-8E39-7C1309CDEDC1}.Debug|Any CPU.Build.0 = Debug|Any CPU
		{FD14E940-6E42-4625-8E39-7C1309CDEDC1}.Release|Any CPU.ActiveCfg = Release|Any CPU
		{FD14E940-6E42-4625-8E39-7C1309CDEDC1}.Release|Any CPU.Build.0 = Release|Any CPU
		{4CB0AE0C-A7CF-4AF3-8289-E4141668692C}.Debug|Any CPU.ActiveCfg = Debug|Any CPU
		{4CB0AE0C-A7CF-4AF3-8289-E4141668692C}.Debug|Any CPU.Build.0 = Debug|Any CPU
		{4CB0AE0C-A7CF-4AF3-8289-E4141668692C}.Release|Any CPU.ActiveCfg = Release|Any CPU
		{4CB0AE0C-A7CF-4AF3-8289-E4141668692C}.Release|Any CPU.Build.0 = Release|Any CPU
		{C99EF86B-8F4C-448A-A04A-07B37A25F2BA}.Debug|Any CPU.ActiveCfg = Debug|Any CPU
		{C99EF86B-8F4C-448A-A04A-07B37A25F2BA}.Debug|Any CPU.Build.0 = Debug|Any CPU
		{C99EF86B-8F4C-448A-A04A-07B37A25F2BA}.Release|Any CPU.ActiveCfg = Release|Any CPU
		{C99EF86B-8F4C-448A-A04A-07B37A25F2BA}.Release|Any CPU.Build.0 = Release|Any CPU
		{3F89CF40-7A85-4FC6-AAF1-059B6DF97E09}.Debug|Any CPU.ActiveCfg = Debug|Any CPU
		{3F89CF40-7A85-4FC6-AAF1-059B6DF97E09}.Debug|Any CPU.Build.0 = Debug|Any CPU
		{3F89CF40-7A85-4FC6-AAF1-059B6DF97E09}.Release|Any CPU.ActiveCfg = Release|Any CPU
		{3F89CF40-7A85-4FC6-AAF1-059B6DF97E09}.Release|Any CPU.Build.0 = Release|Any CPU
	EndGlobalSection
EndGlobal
